
Microsoft Visual Studio Solution File, Format Version 12.00
# Visual Studio 15
VisualStudioVersion = 15.0.28307.329
MinimumVisualStudioVersion = 10.0.40219.1
Project("{FAE04EC0-301F-11D3-BF4B-00C04F79EFBC}") = "Exercice1", "Exercice1\Exercice1.csproj", "{23958C47-1AA3-463D-A81E-80660CEEF927}"
EndProject
Global
	GlobalSection(SolutionConfigurationPlatforms) = preSolution
		Debug|Any CPU = Debug|Any CPU
		Release|Any CPU = Release|Any CPU
	EndGlobalSection
	GlobalSection(ProjectConfigurationPlatforms) = postSolution
		{23958C47-1AA3-463D-A81E-80660CEEF927}.Debug|Any CPU.ActiveCfg = Debug|Any CPU
		{23958C47-1AA3-463D-A81E-80660CEEF927}.Debug|Any CPU.Build.0 = Debug|Any CPU
		{23958C47-1AA3-463D-A81E-80660CEEF927}.Release|Any CPU.ActiveCfg = Release|Any CPU
		{23958C47-1AA3-463D-A81E-80660CEEF927}.Release|Any CPU.Build.0 = Release|Any CPU
	EndGlobalSection
	GlobalSection(SolutionProperties) = preSolution
		HideSolutionNode = FALSE
	EndGlobalSection
	GlobalSection(ExtensibilityGlobals) = postSolution
		SolutionGuid = {289D66C0-B183-4285-945E-BFCE61DF6C41}
	EndGlobalSection
EndGlobal
