
Microsoft Visual Studio Solution File, Format Version 12.00
# Visual Studio 15
VisualStudioVersion = 15.0.28307.329
MinimumVisualStudioVersion = 10.0.40219.1
Project("{FAE04EC0-301F-11D3-BF4B-00C04F79EFBC}") = "TP3 TVA", "TP3 TVA\TP3 TVA.csproj", "{C4580C78-97E9-42D1-8F22-99C9D8671E8D}"
EndProject
Global
	GlobalSection(SolutionConfigurationPlatforms) = preSolution
		Debug|Any CPU = Debug|Any CPU
		Release|Any CPU = Release|Any CPU
	EndGlobalSection
	GlobalSection(ProjectConfigurationPlatforms) = postSolution
		{C4580C78-97E9-42D1-8F22-99C9D8671E8D}.Debug|Any CPU.ActiveCfg = Debug|Any CPU
		{C4580C78-97E9-42D1-8F22-99C9D8671E8D}.Debug|Any CPU.Build.0 = Debug|Any CPU
		{C4580C78-97E9-42D1-8F22-99C9D8671E8D}.Release|Any CPU.ActiveCfg = Release|Any CPU
		{C4580C78-97E9-42D1-8F22-99C9D8671E8D}.Release|Any CPU.Build.0 = Release|Any CPU
	EndGlobalSection
	GlobalSection(SolutionProperties) = preSolution
		HideSolutionNode = FALSE
	EndGlobalSection
	GlobalSection(ExtensibilityGlobals) = postSolution
		SolutionGuid = {CC35FE28-8D88-469C-AA37-E1D06D5BB22A}
	EndGlobalSection
EndGlobal
