
Microsoft Visual Studio Solution File, Format Version 12.00
# Visual Studio 15
VisualStudioVersion = 15.0.28307.329
MinimumVisualStudioVersion = 10.0.40219.1
Project("{FAE04EC0-301F-11D3-BF4B-00C04F79EFBC}") = "Exercice7", "Exercice7\Exercice7.csproj", "{5ED18F97-D658-41FC-AB2C-C97CB874BBAB}"
EndProject
Global
	GlobalSection(SolutionConfigurationPlatforms) = preSolution
		Debug|Any CPU = Debug|Any CPU
		Release|Any CPU = Release|Any CPU
	EndGlobalSection
	GlobalSection(ProjectConfigurationPlatforms) = postSolution
		{5ED18F97-D658-41FC-AB2C-C97CB874BBAB}.Debug|Any CPU.ActiveCfg = Debug|Any CPU
		{5ED18F97-D658-41FC-AB2C-C97CB874BBAB}.Debug|Any CPU.Build.0 = Debug|Any CPU
		{5ED18F97-D658-41FC-AB2C-C97CB874BBAB}.Release|Any CPU.ActiveCfg = Release|Any CPU
		{5ED18F97-D658-41FC-AB2C-C97CB874BBAB}.Release|Any CPU.Build.0 = Release|Any CPU
	EndGlobalSection
	GlobalSection(SolutionProperties) = preSolution
		HideSolutionNode = FALSE
	EndGlobalSection
	GlobalSection(ExtensibilityGlobals) = postSolution
		SolutionGuid = {C5C4215F-CB01-421F-A096-36954E7F688E}
	EndGlobalSection
EndGlobal
