
Microsoft Visual Studio Solution File, Format Version 12.00
# Visual Studio 15
VisualStudioVersion = 15.0.28307.329
MinimumVisualStudioVersion = 10.0.40219.1
Project("{FAE04EC0-301F-11D3-BF4B-00C04F79EFBC}") = "Exercice5", "Exercice5\Exercice5.csproj", "{023FB8D3-12BD-43EA-9F98-73561EF38853}"
EndProject
Global
	GlobalSection(SolutionConfigurationPlatforms) = preSolution
		Debug|Any CPU = Debug|Any CPU
		Release|Any CPU = Release|Any CPU
	EndGlobalSection
	GlobalSection(ProjectConfigurationPlatforms) = postSolution
		{023FB8D3-12BD-43EA-9F98-73561EF38853}.Debug|Any CPU.ActiveCfg = Debug|Any CPU
		{023FB8D3-12BD-43EA-9F98-73561EF38853}.Debug|Any CPU.Build.0 = Debug|Any CPU
		{023FB8D3-12BD-43EA-9F98-73561EF38853}.Release|Any CPU.ActiveCfg = Release|Any CPU
		{023FB8D3-12BD-43EA-9F98-73561EF38853}.Release|Any CPU.Build.0 = Release|Any CPU
	EndGlobalSection
	GlobalSection(SolutionProperties) = preSolution
		HideSolutionNode = FALSE
	EndGlobalSection
	GlobalSection(ExtensibilityGlobals) = postSolution
		SolutionGuid = {441BC4C6-739C-46CB-A9F8-DA89B04C73ED}
	EndGlobalSection
EndGlobal
